// !$*UTF8*$!
{
	archiveVersion = 1;
	classes = {
	};
	objectVersion = 56;
	objects = {

/* Begin PBXBuildFile section */
		5B6FF08B2B20D1DD0007C0D1 /* MapView.swift in Sources */ = {isa = PBXBuildFile; fileRef = 5B6FF08A2B20D1DD0007C0D1 /* MapView.swift */; };
		8E2500D82B1F47B600777601 /* PlaceModel.swift in Sources */ = {isa = PBXBuildFile; fileRef = 8E2500D72B1F47B600777601 /* PlaceModel.swift */; };
		8E2500DA2B1F47C300777601 /* ViewModel.swift in Sources */ = {isa = PBXBuildFile; fileRef = 8E2500D92B1F47C300777601 /* ViewModel.swift */; };
		8E2500DC2B1F47CC00777601 /* ApiService.swift in Sources */ = {isa = PBXBuildFile; fileRef = 8E2500DB2B1F47CC00777601 /* ApiService.swift */; };
		8E332BCE2B1DCD33001C4BF7 /* BottomSheetView.swift in Sources */ = {isa = PBXBuildFile; fileRef = 8E332BCD2B1DCD33001C4BF7 /* BottomSheetView.swift */; };
		8E332BD02B1DD431001C4BF7 /* ProfilView.swift in Sources */ = {isa = PBXBuildFile; fileRef = 8E332BCF2B1DD431001C4BF7 /* ProfilView.swift */; };
		8E332BD22B1DD65B001C4BF7 /* test.swift in Sources */ = {isa = PBXBuildFile; fileRef = 8E332BD12B1DD65B001C4BF7 /* test.swift */; };
		8E40B8472B20C2F7008921C9 /* PersonModel.swift in Sources */ = {isa = PBXBuildFile; fileRef = 8E40B8462B20C2F7008921C9 /* PersonModel.swift */; };
		8E40B84A2B20C47E008921C9 /* PersonInPlaceModel.swift in Sources */ = {isa = PBXBuildFile; fileRef = 8E40B8492B20C47E008921C9 /* PersonInPlaceModel.swift */; };
		8EC1515C2B236974003BB453 /* ViewModelPlaces.swift in Sources */ = {isa = PBXBuildFile; fileRef = 8EC1515B2B236974003BB453 /* ViewModelPlaces.swift */; };
		8ED453562B178F64008D13C1 /* MapEventApp.swift in Sources */ = {isa = PBXBuildFile; fileRef = 8ED453552B178F64008D13C1 /* MapEventApp.swift */; };
		8ED453582B178F64008D13C1 /* ContentView.swift in Sources */ = {isa = PBXBuildFile; fileRef = 8ED453572B178F64008D13C1 /* ContentView.swift */; };
		8ED4535A2B178F64008D13C1 /* Assets.xcassets in Resources */ = {isa = PBXBuildFile; fileRef = 8ED453592B178F64008D13C1 /* Assets.xcassets */; };
		8ED4535D2B178F64008D13C1 /* Preview Assets.xcassets in Resources */ = {isa = PBXBuildFile; fileRef = 8ED4535C2B178F64008D13C1 /* Preview Assets.xcassets */; };
		9FAF078B2B4D3DAD00149565 /* ViewModelPersonInPlace.swift in Sources */ = {isa = PBXBuildFile; fileRef = 9FAF078A2B4D3DAD00149565 /* ViewModelPersonInPlace.swift */; };
		9FBD8F3E2B3343AA004CAB9E /* ProfileEditView.swift in Sources */ = {isa = PBXBuildFile; fileRef = 9FBD8F3D2B3343AA004CAB9E /* ProfileEditView.swift */; };
/* End PBXBuildFile section */

/* Begin PBXFileReference section */
		5B6FF08A2B20D1DD0007C0D1 /* MapView.swift */ = {isa = PBXFileReference; lastKnownFileType = sourcecode.swift; path = MapView.swift; sourceTree = "<group>"; };
		8E2500D72B1F47B600777601 /* PlaceModel.swift */ = {isa = PBXFileReference; lastKnownFileType = sourcecode.swift; path = PlaceModel.swift; sourceTree = "<group>"; };
		8E2500D92B1F47C300777601 /* ViewModel.swift */ = {isa = PBXFileReference; lastKnownFileType = sourcecode.swift; path = ViewModel.swift; sourceTree = "<group>"; };
		8E2500DB2B1F47CC00777601 /* ApiService.swift */ = {isa = PBXFileReference; lastKnownFileType = sourcecode.swift; path = ApiService.swift; sourceTree = "<group>"; };
		8E332BCD2B1DCD33001C4BF7 /* BottomSheetView.swift */ = {isa = PBXFileReference; lastKnownFileType = sourcecode.swift; path = BottomSheetView.swift; sourceTree = "<group>"; };
		8E332BCF2B1DD431001C4BF7 /* ProfilView.swift */ = {isa = PBXFileReference; lastKnownFileType = sourcecode.swift; path = ProfilView.swift; sourceTree = "<group>"; };
		8E332BD12B1DD65B001C4BF7 /* test.swift */ = {isa = PBXFileReference; lastKnownFileType = sourcecode.swift; path = test.swift; sourceTree = "<group>"; };
		8E40B8462B20C2F7008921C9 /* PersonModel.swift */ = {isa = PBXFileReference; lastKnownFileType = sourcecode.swift; path = PersonModel.swift; sourceTree = "<group>"; };
		8E40B8492B20C47E008921C9 /* PersonInPlaceModel.swift */ = {isa = PBXFileReference; lastKnownFileType = sourcecode.swift; path = PersonInPlaceModel.swift; sourceTree = "<group>"; };
		8EC1515B2B236974003BB453 /* ViewModelPlaces.swift */ = {isa = PBXFileReference; lastKnownFileType = sourcecode.swift; path = ViewModelPlaces.swift; sourceTree = "<group>"; };
		8ED453522B178F64008D13C1 /* MapEvent.app */ = {isa = PBXFileReference; explicitFileType = wrapper.application; includeInIndex = 0; path = MapEvent.app; sourceTree = BUILT_PRODUCTS_DIR; };
		8ED453552B178F64008D13C1 /* MapEventApp.swift */ = {isa = PBXFileReference; lastKnownFileType = sourcecode.swift; path = MapEventApp.swift; sourceTree = "<group>"; };
		8ED453572B178F64008D13C1 /* ContentView.swift */ = {isa = PBXFileReference; lastKnownFileType = sourcecode.swift; path = ContentView.swift; sourceTree = "<group>"; };
		8ED453592B178F64008D13C1 /* Assets.xcassets */ = {isa = PBXFileReference; lastKnownFileType = folder.assetcatalog; path = Assets.xcassets; sourceTree = "<group>"; };
		8ED4535C2B178F64008D13C1 /* Preview Assets.xcassets */ = {isa = PBXFileReference; lastKnownFileType = folder.assetcatalog; path = "Preview Assets.xcassets"; sourceTree = "<group>"; };
		9FAF078A2B4D3DAD00149565 /* ViewModelPersonInPlace.swift */ = {isa = PBXFileReference; lastKnownFileType = sourcecode.swift; path = ViewModelPersonInPlace.swift; sourceTree = "<group>"; };
		9FBD8F3D2B3343AA004CAB9E /* ProfileEditView.swift */ = {isa = PBXFileReference; lastKnownFileType = sourcecode.swift; path = ProfileEditView.swift; sourceTree = "<group>"; };
/* End PBXFileReference section */

/* Begin PBXFrameworksBuildPhase section */
		8ED4534F2B178F64008D13C1 /* Frameworks */ = {
			isa = PBXFrameworksBuildPhase;
			buildActionMask = 2147483647;
			files = (
			);
			runOnlyForDeploymentPostprocessing = 0;
		};
/* End PBXFrameworksBuildPhase section */

/* Begin PBXGroup section */
		8E332BC92B1DCCFD001C4BF7 /* Services */ = {
			isa = PBXGroup;
			children = (
				8E2500DB2B1F47CC00777601 /* ApiService.swift */,
			);
			path = Services;
			sourceTree = "<group>";
		};
		8E332BCA2B1DCD06001C4BF7 /* ViewModels */ = {
			isa = PBXGroup;
			children = (
				8E2500D92B1F47C300777601 /* ViewModel.swift */,
				8EC1515B2B236974003BB453 /* ViewModelPlaces.swift */,
				9FAF078A2B4D3DAD00149565 /* ViewModelPersonInPlace.swift */,
			);
			path = ViewModels;
			sourceTree = "<group>";
		};
		8E332BCB2B1DCD0E001C4BF7 /* Models */ = {
			isa = PBXGroup;
			children = (
				8E2500D72B1F47B600777601 /* PlaceModel.swift */,
				8E40B8462B20C2F7008921C9 /* PersonModel.swift */,
				8E40B8492B20C47E008921C9 /* PersonInPlaceModel.swift */,
			);
			path = Models;
			sourceTree = "<group>";
		};
		8E332BCC2B1DCD15001C4BF7 /* Views */ = {
			isa = PBXGroup;
			children = (
				8E332BCD2B1DCD33001C4BF7 /* BottomSheetView.swift */,
				8E332BCF2B1DD431001C4BF7 /* ProfilView.swift */,
				9FBD8F3D2B3343AA004CAB9E /* ProfileEditView.swift */,
				8E332BD12B1DD65B001C4BF7 /* test.swift */,
				5B6FF08A2B20D1DD0007C0D1 /* MapView.swift */,
			);
			path = Views;
			sourceTree = "<group>";
		};
		8ED453492B178F64008D13C1 = {
			isa = PBXGroup;
			children = (
				8ED453542B178F64008D13C1 /* MapEvent */,
				8ED453532B178F64008D13C1 /* Products */,
			);
			sourceTree = "<group>";
		};
		8ED453532B178F64008D13C1 /* Products */ = {
			isa = PBXGroup;
			children = (
				8ED453522B178F64008D13C1 /* MapEvent.app */,
			);
			name = Products;
			sourceTree = "<group>";
		};
		8ED453542B178F64008D13C1 /* MapEvent */ = {
			isa = PBXGroup;
			children = (
				8E332BCC2B1DCD15001C4BF7 /* Views */,
				8E332BCB2B1DCD0E001C4BF7 /* Models */,
				8E332BCA2B1DCD06001C4BF7 /* ViewModels */,
				8E332BC92B1DCCFD001C4BF7 /* Services */,
				8ED453552B178F64008D13C1 /* MapEventApp.swift */,
				8ED453572B178F64008D13C1 /* ContentView.swift */,
				8ED453592B178F64008D13C1 /* Assets.xcassets */,
				8ED4535B2B178F64008D13C1 /* Preview Content */,
			);
			path = MapEvent;
			sourceTree = "<group>";
		};
		8ED4535B2B178F64008D13C1 /* Preview Content */ = {
			isa = PBXGroup;
			children = (
				8ED4535C2B178F64008D13C1 /* Preview Assets.xcassets */,
			);
			path = "Preview Content";
			sourceTree = "<group>";
		};
/* End PBXGroup section */

/* Begin PBXNativeTarget section */
		8ED453512B178F64008D13C1 /* MapEvent */ = {
			isa = PBXNativeTarget;
			buildConfigurationList = 8ED453602B178F64008D13C1 /* Build configuration list for PBXNativeTarget "MapEvent" */;
			buildPhases = (
				8ED4534E2B178F64008D13C1 /* Sources */,
				8ED4534F2B178F64008D13C1 /* Frameworks */,
				8ED453502B178F64008D13C1 /* Resources */,
			);
			buildRules = (
			);
			dependencies = (
			);
			name = MapEvent;
			productName = MapEvent;
			productReference = 8ED453522B178F64008D13C1 /* MapEvent.app */;
			productType = "com.apple.product-type.application";
		};
/* End PBXNativeTarget section */

/* Begin PBXProject section */
		8ED4534A2B178F64008D13C1 /* Project object */ = {
			isa = PBXProject;
			attributes = {
				BuildIndependentTargetsInParallel = 1;
				LastSwiftUpdateCheck = 1430;
				LastUpgradeCheck = 1430;
				TargetAttributes = {
					8ED453512B178F64008D13C1 = {
						CreatedOnToolsVersion = 14.3.1;
					};
				};
			};
			buildConfigurationList = 8ED4534D2B178F64008D13C1 /* Build configuration list for PBXProject "MapEvent" */;
			compatibilityVersion = "Xcode 14.0";
			developmentRegion = en;
			hasScannedForEncodings = 0;
			knownRegions = (
				en,
				Base,
			);
			mainGroup = 8ED453492B178F64008D13C1;
			productRefGroup = 8ED453532B178F64008D13C1 /* Products */;
			projectDirPath = "";
			projectRoot = "";
			targets = (
				8ED453512B178F64008D13C1 /* MapEvent */,
			);
		};
/* End PBXProject section */

/* Begin PBXResourcesBuildPhase section */
		8ED453502B178F64008D13C1 /* Resources */ = {
			isa = PBXResourcesBuildPhase;
			buildActionMask = 2147483647;
			files = (
				8ED4535D2B178F64008D13C1 /* Preview Assets.xcassets in Resources */,
				8ED4535A2B178F64008D13C1 /* Assets.xcassets in Resources */,
			);
			runOnlyForDeploymentPostprocessing = 0;
		};
/* End PBXResourcesBuildPhase section */

/* Begin PBXSourcesBuildPhase section */
		8ED4534E2B178F64008D13C1 /* Sources */ = {
			isa = PBXSourcesBuildPhase;
			buildActionMask = 2147483647;
			files = (
				8EC1515C2B236974003BB453 /* ViewModelPlaces.swift in Sources */,
				8ED453582B178F64008D13C1 /* ContentView.swift in Sources */,
				8E2500DC2B1F47CC00777601 /* ApiService.swift in Sources */,
				8E2500D82B1F47B600777601 /* PlaceModel.swift in Sources */,
				5B6FF08B2B20D1DD0007C0D1 /* MapView.swift in Sources */,
				8E40B84A2B20C47E008921C9 /* PersonInPlaceModel.swift in Sources */,
				8ED453562B178F64008D13C1 /* MapEventApp.swift in Sources */,
				8E332BD02B1DD431001C4BF7 /* ProfilView.swift in Sources */,
				9FAF078B2B4D3DAD00149565 /* ViewModelPersonInPlace.swift in Sources */,
				9FBD8F3E2B3343AA004CAB9E /* ProfileEditView.swift in Sources */,
				8E332BD22B1DD65B001C4BF7 /* test.swift in Sources */,
				8E332BCE2B1DCD33001C4BF7 /* BottomSheetView.swift in Sources */,
				8E40B8472B20C2F7008921C9 /* PersonModel.swift in Sources */,
				8E2500DA2B1F47C300777601 /* ViewModel.swift in Sources */,
			);
			runOnlyForDeploymentPostprocessing = 0;
		};
/* End PBXSourcesBuildPhase section */

/* Begin XCBuildConfiguration section */
		8ED4535E2B178F64008D13C1 /* Debug */ = {
			isa = XCBuildConfiguration;
			buildSettings = {
				ALWAYS_SEARCH_USER_PATHS = NO;
				CLANG_ANALYZER_NONNULL = YES;
				CLANG_ANALYZER_NUMBER_OBJECT_CONVERSION = YES_AGGRESSIVE;
				CLANG_CXX_LANGUAGE_STANDARD = "gnu++20";
				CLANG_ENABLE_MODULES = YES;
				CLANG_ENABLE_OBJC_ARC = YES;
				CLANG_ENABLE_OBJC_WEAK = YES;
				CLANG_WARN_BLOCK_CAPTURE_AUTORELEASING = YES;
				CLANG_WARN_BOOL_CONVERSION = YES;
				CLANG_WARN_COMMA = YES;
				CLANG_WARN_CONSTANT_CONVERSION = YES;
				CLANG_WARN_DEPRECATED_OBJC_IMPLEMENTATIONS = YES;
				CLANG_WARN_DIRECT_OBJC_ISA_USAGE = YES_ERROR;
				CLANG_WARN_DOCUMENTATION_COMMENTS = YES;
				CLANG_WARN_EMPTY_BODY = YES;
				CLANG_WARN_ENUM_CONVERSION = YES;
				CLANG_WARN_INFINITE_RECURSION = YES;
				CLANG_WARN_INT_CONVERSION = YES;
				CLANG_WARN_NON_LITERAL_NULL_CONVERSION = YES;
				CLANG_WARN_OBJC_IMPLICIT_RETAIN_SELF = YES;
				CLANG_WARN_OBJC_LITERAL_CONVERSION = YES;
				CLANG_WARN_OBJC_ROOT_CLASS = YES_ERROR;
				CLANG_WARN_QUOTED_INCLUDE_IN_FRAMEWORK_HEADER = YES;
				CLANG_WARN_RANGE_LOOP_ANALYSIS = YES;
				CLANG_WARN_STRICT_PROTOTYPES = YES;
				CLANG_WARN_SUSPICIOUS_MOVE = YES;
				CLANG_WARN_UNGUARDED_AVAILABILITY = YES_AGGRESSIVE;
				CLANG_WARN_UNREACHABLE_CODE = YES;
				CLANG_WARN__DUPLICATE_METHOD_MATCH = YES;
				COPY_PHASE_STRIP = NO;
				DEBUG_INFORMATION_FORMAT = dwarf;
				ENABLE_STRICT_OBJC_MSGSEND = YES;
				ENABLE_TESTABILITY = YES;
				GCC_C_LANGUAGE_STANDARD = gnu11;
				GCC_DYNAMIC_NO_PIC = NO;
				GCC_NO_COMMON_BLOCKS = YES;
				GCC_OPTIMIZATION_LEVEL = 0;
				GCC_PREPROCESSOR_DEFINITIONS = (
					"DEBUG=1",
					"$(inherited)",
				);
				GCC_WARN_64_TO_32_BIT_CONVERSION = YES;
				GCC_WARN_ABOUT_RETURN_TYPE = YES_ERROR;
				GCC_WARN_UNDECLARED_SELECTOR = YES;
				GCC_WARN_UNINITIALIZED_AUTOS = YES_AGGRESSIVE;
				GCC_WARN_UNUSED_FUNCTION = YES;
				GCC_WARN_UNUSED_VARIABLE = YES;
				IPHONEOS_DEPLOYMENT_TARGET = 16.4;
				MTL_ENABLE_DEBUG_INFO = INCLUDE_SOURCE;
				MTL_FAST_MATH = YES;
				ONLY_ACTIVE_ARCH = YES;
				SDKROOT = iphoneos;
				SWIFT_ACTIVE_COMPILATION_CONDITIONS = DEBUG;
				SWIFT_OPTIMIZATION_LEVEL = "-Onone";
			};
			name = Debug;
		};
		8ED4535F2B178F64008D13C1 /* Release */ = {
			isa = XCBuildConfiguration;
			buildSettings = {
				ALWAYS_SEARCH_USER_PATHS = NO;
				CLANG_ANALYZER_NONNULL = YES;
				CLANG_ANALYZER_NUMBER_OBJECT_CONVERSION = YES_AGGRESSIVE;
				CLANG_CXX_LANGUAGE_STANDARD = "gnu++20";
				CLANG_ENABLE_MODULES = YES;
				CLANG_ENABLE_OBJC_ARC = YES;
				CLANG_ENABLE_OBJC_WEAK = YES;
				CLANG_WARN_BLOCK_CAPTURE_AUTORELEASING = YES;
				CLANG_WARN_BOOL_CONVERSION = YES;
				CLANG_WARN_COMMA = YES;
				CLANG_WARN_CONSTANT_CONVERSION = YES;
				CLANG_WARN_DEPRECATED_OBJC_IMPLEMENTATIONS = YES;
				CLANG_WARN_DIRECT_OBJC_ISA_USAGE = YES_ERROR;
				CLANG_WARN_DOCUMENTATION_COMMENTS = YES;
				CLANG_WARN_EMPTY_BODY = YES;
				CLANG_WARN_ENUM_CONVERSION = YES;
				CLANG_WARN_INFINITE_RECURSION = YES;
				CLANG_WARN_INT_CONVERSION = YES;
				CLANG_WARN_NON_LITERAL_NULL_CONVERSION = YES;
				CLANG_WARN_OBJC_IMPLICIT_RETAIN_SELF = YES;
				CLANG_WARN_OBJC_LITERAL_CONVERSION = YES;
				CLANG_WARN_OBJC_ROOT_CLASS = YES_ERROR;
				CLANG_WARN_QUOTED_INCLUDE_IN_FRAMEWORK_HEADER = YES;
				CLANG_WARN_RANGE_LOOP_ANALYSIS = YES;
				CLANG_WARN_STRICT_PROTOTYPES = YES;
				CLANG_WARN_SUSPICIOUS_MOVE = YES;
				CLANG_WARN_UNGUARDED_AVAILABILITY = YES_AGGRESSIVE;
				CLANG_WARN_UNREACHABLE_CODE = YES;
				CLANG_WARN__DUPLICATE_METHOD_MATCH = YES;
				COPY_PHASE_STRIP = NO;
				DEBUG_INFORMATION_FORMAT = "dwarf-with-dsym";
				ENABLE_NS_ASSERTIONS = NO;
				ENABLE_STRICT_OBJC_MSGSEND = YES;
				GCC_C_LANGUAGE_STANDARD = gnu11;
				GCC_NO_COMMON_BLOCKS = YES;
				GCC_WARN_64_TO_32_BIT_CONVERSION = YES;
				GCC_WARN_ABOUT_RETURN_TYPE = YES_ERROR;
				GCC_WARN_UNDECLARED_SELECTOR = YES;
				GCC_WARN_UNINITIALIZED_AUTOS = YES_AGGRESSIVE;
				GCC_WARN_UNUSED_FUNCTION = YES;
				GCC_WARN_UNUSED_VARIABLE = YES;
				IPHONEOS_DEPLOYMENT_TARGET = 16.4;
				MTL_ENABLE_DEBUG_INFO = NO;
				MTL_FAST_MATH = YES;
				SDKROOT = iphoneos;
				SWIFT_COMPILATION_MODE = wholemodule;
				SWIFT_OPTIMIZATION_LEVEL = "-O";
				VALIDATE_PRODUCT = YES;
			};
			name = Release;
		};
		8ED453612B178F64008D13C1 /* Debug */ = {
			isa = XCBuildConfiguration;
			buildSettings = {
				ASSETCATALOG_COMPILER_APPICON_NAME = AppIcon;
				ASSETCATALOG_COMPILER_GLOBAL_ACCENT_COLOR_NAME = AccentColor;
				CODE_SIGN_STYLE = Automatic;
				CURRENT_PROJECT_VERSION = 1;
				DEVELOPMENT_ASSET_PATHS = "\"MapEvent/Preview Content\"";
				ENABLE_PREVIEWS = YES;
				GENERATE_INFOPLIST_FILE = YES;
				INFOPLIST_KEY_UIApplicationSceneManifest_Generation = YES;
				INFOPLIST_KEY_UIApplicationSupportsIndirectInputEvents = YES;
				INFOPLIST_KEY_UILaunchScreen_Generation = YES;
				INFOPLIST_KEY_UISupportedInterfaceOrientations_iPad = "UIInterfaceOrientationPortrait UIInterfaceOrientationPortraitUpsideDown UIInterfaceOrientationLandscapeLeft UIInterfaceOrientationLandscapeRight";
				INFOPLIST_KEY_UISupportedInterfaceOrientations_iPhone = "UIInterfaceOrientationPortrait UIInterfaceOrientationLandscapeLeft UIInterfaceOrientationLandscapeRight";
				LD_RUNPATH_SEARCH_PATHS = (
					"$(inherited)",
					"@executable_path/Frameworks",
				);
				MARKETING_VERSION = 1.0;
				PRODUCT_BUNDLE_IDENTIFIER = mbenoit.MapEvent;
				PRODUCT_NAME = "$(TARGET_NAME)";
				SWIFT_EMIT_LOC_STRINGS = YES;
				SWIFT_VERSION = 5.0;
				TARGETED_DEVICE_FAMILY = "1,2";
			};
			name = Debug;
		};
		8ED453622B178F64008D13C1 /* Release */ = {
			isa = XCBuildConfiguration;
			buildSettings = {
				ASSETCATALOG_COMPILER_APPICON_NAME = AppIcon;
				ASSETCATALOG_COMPILER_GLOBAL_ACCENT_COLOR_NAME = AccentColor;
				CODE_SIGN_STYLE = Automatic;
				CURRENT_PROJECT_VERSION = 1;
				DEVELOPMENT_ASSET_PATHS = "\"MapEvent/Preview Content\"";
				ENABLE_PREVIEWS = YES;
				GENERATE_INFOPLIST_FILE = YES;
				INFOPLIST_KEY_UIApplicationSceneManifest_Generation = YES;
				INFOPLIST_KEY_UIApplicationSupportsIndirectInputEvents = YES;
				INFOPLIST_KEY_UILaunchScreen_Generation = YES;
				INFOPLIST_KEY_UISupportedInterfaceOrientations_iPad = "UIInterfaceOrientationPortrait UIInterfaceOrientationPortraitUpsideDown UIInterfaceOrientationLandscapeLeft UIInterfaceOrientationLandscapeRight";
				INFOPLIST_KEY_UISupportedInterfaceOrientations_iPhone = "UIInterfaceOrientationPortrait UIInterfaceOrientationLandscapeLeft UIInterfaceOrientationLandscapeRight";
				LD_RUNPATH_SEARCH_PATHS = (
					"$(inherited)",
					"@executable_path/Frameworks",
				);
				MARKETING_VERSION = 1.0;
				PRODUCT_BUNDLE_IDENTIFIER = mbenoit.MapEvent;
				PRODUCT_NAME = "$(TARGET_NAME)";
				SWIFT_EMIT_LOC_STRINGS = YES;
				SWIFT_VERSION = 5.0;
				TARGETED_DEVICE_FAMILY = "1,2";
			};
			name = Release;
		};
/* End XCBuildConfiguration section */

/* Begin XCConfigurationList section */
		8ED4534D2B178F64008D13C1 /* Build configuration list for PBXProject "MapEvent" */ = {
			isa = XCConfigurationList;
			buildConfigurations = (
				8ED4535E2B178F64008D13C1 /* Debug */,
				8ED4535F2B178F64008D13C1 /* Release */,
			);
			defaultConfigurationIsVisible = 0;
			defaultConfigurationName = Release;
		};
		8ED453602B178F64008D13C1 /* Build configuration list for PBXNativeTarget "MapEvent" */ = {
			isa = XCConfigurationList;
			buildConfigurations = (
				8ED453612B178F64008D13C1 /* Debug */,
				8ED453622B178F64008D13C1 /* Release */,
			);
			defaultConfigurationIsVisible = 0;
			defaultConfigurationName = Release;
		};
/* End XCConfigurationList section */
	};
	rootObject = 8ED4534A2B178F64008D13C1 /* Project object */;
}
